{
  "version": 4,
  "terraform_version": "1.0.10",
  "serial": 3,
  "lineage": "b6688342-fe12-5bc6-bc14-66aee3d9bf13",
  "outputs": {
    "storage_bucket_name": {
      "value": "goh-mypulse-otel-extension-mypulse-management-default",
      "type": "string"
    }
  },
  "resources": [
    {
      "mode": "data",
      "type": "aws_caller_identity",
      "name": "current",
      "provider": "provider[\"registry.terraform.io/hashicorp/aws\"]",
      "instances": [
        {
          "schema_version": 0,
          "attributes": {
            "account_id": "540704493892",
            "arn": "arn:aws:sts::540704493892:assumed-role/cross-account-admin-role/1681291890214286000",
            "id": "540704493892",
            "user_id": "AROAX3ZD72FCMHIMNRKJI:1681291890214286000"
          },
          "sensitive_attributes": []
        }
      ]
    },
    {
      "mode": "data",
      "type": "template_file",
      "name": "bucket_policy_template",
      "provider": "provider[\"registry.terraform.io/hashicorp/template\"]",
      "instances": [
        {
          "schema_version": 0,
          "attributes": {
            "filename": null,
            "id": "fb593891a4ddfa0b600180822dc5ca07b4d20f93171ca769940be03b185a3d37",
            "rendered": "{\n  \"Version\": \"2012-10-17\",\n  \"Statement\": [\n    ${deny_unencrypted_object_upload_fragment},\n    ${deny_unencrypted_inflight_operations_fragment},\n    {\n      \"Sid\": \"AllowCrossAccountAccess\",\n      \"Effect\": \"Allow\",\n      \"Action\": [\n        \"s3:ListBucket\",\n        \"s3:GetObject\"\n      ],\n      \"Principal\": {\n        \"AWS\": [\"\",\"\",\"\"]\n      },\n      \"Resource\": [\n        \"arn:aws:s3:::${bucket_name}\",\n        \"arn:aws:s3:::${bucket_name}/*\"\n      ]\n    }\n  ]\n}",
            "template": "{\n  \"Version\": \"2012-10-17\",\n  \"Statement\": [\n    $${deny_unencrypted_object_upload_fragment},\n    $${deny_unencrypted_inflight_operations_fragment},\n    {\n      \"Sid\": \"AllowCrossAccountAccess\",\n      \"Effect\": \"Allow\",\n      \"Action\": [\n        \"s3:ListBucket\",\n        \"s3:GetObject\"\n      ],\n      \"Principal\": {\n        \"AWS\": ${allowed_account_ids}\n      },\n      \"Resource\": [\n        \"arn:aws:s3:::$${bucket_name}\",\n        \"arn:aws:s3:::$${bucket_name}/*\"\n      ]\n    }\n  ]\n}",
            "vars": {
              "allowed_account_ids": "[\"\",\"\",\"\"]"
            }
          },
          "sensitive_attributes": []
        }
      ]
    },
    {
      "module": "module.storage_bucket",
      "mode": "data",
      "type": "aws_iam_policy_document",
      "name": "encrypted_bucket_policy_document",
      "provider": "provider[\"registry.terraform.io/hashicorp/aws\"]",
      "instances": [
        {
          "schema_version": 0,
          "attributes": {
            "id": "2547381545",
            "json": "{\n  \"Version\": \"2012-10-17\",\n  \"Statement\": [\n    {\n      \"Sid\": \"DenyUnEncryptedObjectUploads\",\n      \"Effect\": \"Deny\",\n      \"Action\": [\n        \"s3:PutObject\"\n      ],\n      \"Resource\": [\n        \"arn:aws:s3:::goh-mypulse-otel-extension-mypulse-management-default/*\"\n      ],\n      \"Principal\": \"*\",\n      \"Condition\": {\n        \"StringNotEquals\": {\n          \"s3:x-amz-server-side-encryption\": [\n            \"AES256\"\n          ]\n        }\n      }\n    },\n    {\n      \"Sid\": \"DenyUnEncryptedInflightOperations\",\n      \"Effect\": \"Deny\",\n      \"Action\": [\n        \"s3:*\"\n      ],\n      \"Resource\": [\n        \"arn:aws:s3:::goh-mypulse-otel-extension-mypulse-management-default/*\"\n      ],\n      \"Principal\": \"*\",\n      \"Condition\": {\n        \"Bool\": {\n          \"aws:SecureTransport\": [\n            \"false\"\n          ]\n        }\n      }\n    },\n    {\n      \"Sid\": \"AllowCrossAccountAccess\",\n      \"Effect\": \"Allow\",\n      \"Action\": [\n        \"s3:ListBucket\",\n        \"s3:GetObject\"\n      ],\n      \"Resource\": [\n        \"arn:aws:s3:::goh-mypulse-otel-extension-mypulse-management-default\",\n        \"arn:aws:s3:::goh-mypulse-otel-extension-mypulse-management-default/*\"\n      ],\n      \"Principal\": {\n        \"AWS\": [\n          \"\",\n          \"\",\n          \"\"\n        ]\n      }\n    }\n  ]\n}",
            "override_json": "{\n  \"Version\": \"2012-10-17\",\n  \"Statement\": [\n    {\n  \"Sid\": \"DenyUnEncryptedObjectUploads\",\n  \"Effect\": \"Deny\",\n  \"Action\": [\"s3:PutObject\"],\n  \"Resource\": [\"arn:aws:s3:::goh-mypulse-otel-extension-mypulse-management-default/*\"],\n\n  \"Condition\": {\n    \"StringNotEquals\": {\n        \"s3:x-amz-server-side-encryption\": \"AES256\"\n    }\n  },\n\n  \"Principal\": \"*\"\n},\n    {\n  \"Sid\": \"DenyUnEncryptedInflightOperations\",\n  \"Effect\": \"Deny\",\n  \"Action\": [\"s3:*\"],\n  \"Resource\": [\"arn:aws:s3:::goh-mypulse-otel-extension-mypulse-management-default/*\"],\n\n  \"Condition\": {\n    \"Bool\": {\n        \"aws:SecureTransport\": \"false\"\n    }\n  },\n\n  \"Principal\": \"*\"\n},\n    {\n      \"Sid\": \"AllowCrossAccountAccess\",\n      \"Effect\": \"Allow\",\n      \"Action\": [\n        \"s3:ListBucket\",\n        \"s3:GetObject\"\n      ],\n      \"Principal\": {\n        \"AWS\": [\"\",\"\",\"\"]\n      },\n      \"Resource\": [\n        \"arn:aws:s3:::goh-mypulse-otel-extension-mypulse-management-default\",\n        \"arn:aws:s3:::goh-mypulse-otel-extension-mypulse-management-default/*\"\n      ]\n    }\n  ]\n}",
            "override_policy_documents": null,
            "policy_id": null,
            "source_json": null,
            "source_policy_documents": null,
            "statement": null,
            "version": "2012-10-17"
          },
          "sensitive_attributes": []
        }
      ]
    },
    {
      "module": "module.storage_bucket",
      "mode": "data",
      "type": "template_file",
      "name": "deny_unencrypted_inflight_operations_fragment",
      "provider": "provider[\"registry.terraform.io/hashicorp/template\"]",
      "instances": [
        {
          "schema_version": 0,
          "attributes": {
            "filename": null,
            "id": "b32f22dda86146a4c07e38dbefc91822c56b2d6807a5b9af143eb041a4b4afc5",
            "rendered": "{\n  \"Sid\": \"DenyUnEncryptedInflightOperations\",\n  \"Effect\": \"Deny\",\n  \"Action\": [\"s3:*\"],\n  \"Resource\": [\"arn:aws:s3:::goh-mypulse-otel-extension-mypulse-management-default/*\"],\n\n  \"Condition\": {\n    \"Bool\": {\n        \"aws:SecureTransport\": \"false\"\n    }\n  },\n\n  \"Principal\": \"*\"\n}",
            "template": "{\n  \"Sid\": \"DenyUnEncryptedInflightOperations\",\n  \"Effect\": \"Deny\",\n  \"Action\": [\"s3:*\"],\n  \"Resource\": [\"arn:aws:s3:::${bucket_name}/*\"],\n\n  \"Condition\": {\n    \"Bool\": {\n        \"aws:SecureTransport\": \"false\"\n    }\n  },\n\n  \"Principal\": \"*\"\n}",
            "vars": {
              "bucket_name": "goh-mypulse-otel-extension-mypulse-management-default"
            }
          },
          "sensitive_attributes": []
        }
      ]
    },
    {
      "module": "module.storage_bucket",
      "mode": "data",
      "type": "template_file",
      "name": "deny_unencrypted_object_uploads_fragment",
      "provider": "provider[\"registry.terraform.io/hashicorp/template\"]",
      "instances": [
        {
          "schema_version": 0,
          "attributes": {
            "filename": null,
            "id": "f6bdd7483270fcdaef09d915a7c6d8e8ea1675ce6a8ca1aa7ba83fafc64bf8cf",
            "rendered": "{\n  \"Sid\": \"DenyUnEncryptedObjectUploads\",\n  \"Effect\": \"Deny\",\n  \"Action\": [\"s3:PutObject\"],\n  \"Resource\": [\"arn:aws:s3:::goh-mypulse-otel-extension-mypulse-management-default/*\"],\n\n  \"Condition\": {\n    \"StringNotEquals\": {\n        \"s3:x-amz-server-side-encryption\": \"AES256\"\n    }\n  },\n\n  \"Principal\": \"*\"\n}",
            "template": "{\n  \"Sid\": \"DenyUnEncryptedObjectUploads\",\n  \"Effect\": \"Deny\",\n  \"Action\": [\"s3:PutObject\"],\n  \"Resource\": [\"arn:aws:s3:::${bucket_name}/*\"],\n\n  \"Condition\": {\n    \"StringNotEquals\": {\n        \"s3:x-amz-server-side-encryption\": \"AES256\"\n    }\n  },\n\n  \"Principal\": \"*\"\n}",
            "vars": {
              "bucket_name": "goh-mypulse-otel-extension-mypulse-management-default"
            }
          },
          "sensitive_attributes": []
        }
      ]
    },
    {
      "module": "module.storage_bucket",
      "mode": "data",
      "type": "template_file",
      "name": "encrypted_bucket_policy",
      "provider": "provider[\"registry.terraform.io/hashicorp/template\"]",
      "instances": [
        {
          "schema_version": 0,
          "attributes": {
            "filename": null,
            "id": "6e3a89e655d229ac8e2a1589e30342bd6f3091fa1073bde8e3e2279882cea50e",
            "rendered": "{\n  \"Version\": \"2012-10-17\",\n  \"Statement\": [\n    {\n  \"Sid\": \"DenyUnEncryptedObjectUploads\",\n  \"Effect\": \"Deny\",\n  \"Action\": [\"s3:PutObject\"],\n  \"Resource\": [\"arn:aws:s3:::goh-mypulse-otel-extension-mypulse-management-default/*\"],\n\n  \"Condition\": {\n    \"StringNotEquals\": {\n        \"s3:x-amz-server-side-encryption\": \"AES256\"\n    }\n  },\n\n  \"Principal\": \"*\"\n},\n    {\n  \"Sid\": \"DenyUnEncryptedInflightOperations\",\n  \"Effect\": \"Deny\",\n  \"Action\": [\"s3:*\"],\n  \"Resource\": [\"arn:aws:s3:::goh-mypulse-otel-extension-mypulse-management-default/*\"],\n\n  \"Condition\": {\n    \"Bool\": {\n        \"aws:SecureTransport\": \"false\"\n    }\n  },\n\n  \"Principal\": \"*\"\n},\n    {\n      \"Sid\": \"AllowCrossAccountAccess\",\n      \"Effect\": \"Allow\",\n      \"Action\": [\n        \"s3:ListBucket\",\n        \"s3:GetObject\"\n      ],\n      \"Principal\": {\n        \"AWS\": [\"\",\"\",\"\"]\n      },\n      \"Resource\": [\n        \"arn:aws:s3:::goh-mypulse-otel-extension-mypulse-management-default\",\n        \"arn:aws:s3:::goh-mypulse-otel-extension-mypulse-management-default/*\"\n      ]\n    }\n  ]\n}",
            "template": "{\n  \"Version\": \"2012-10-17\",\n  \"Statement\": [\n    ${deny_unencrypted_object_upload_fragment},\n    ${deny_unencrypted_inflight_operations_fragment},\n    {\n      \"Sid\": \"AllowCrossAccountAccess\",\n      \"Effect\": \"Allow\",\n      \"Action\": [\n        \"s3:ListBucket\",\n        \"s3:GetObject\"\n      ],\n      \"Principal\": {\n        \"AWS\": [\"\",\"\",\"\"]\n      },\n      \"Resource\": [\n        \"arn:aws:s3:::${bucket_name}\",\n        \"arn:aws:s3:::${bucket_name}/*\"\n      ]\n    }\n  ]\n}",
            "vars": {
              "bucket_name": "goh-mypulse-otel-extension-mypulse-management-default",
              "deny_unencrypted_inflight_operations_fragment": "{\n  \"Sid\": \"DenyUnEncryptedInflightOperations\",\n  \"Effect\": \"Deny\",\n  \"Action\": [\"s3:*\"],\n  \"Resource\": [\"arn:aws:s3:::goh-mypulse-otel-extension-mypulse-management-default/*\"],\n\n  \"Condition\": {\n    \"Bool\": {\n        \"aws:SecureTransport\": \"false\"\n    }\n  },\n\n  \"Principal\": \"*\"\n}",
              "deny_unencrypted_object_upload_fragment": "{\n  \"Sid\": \"DenyUnEncryptedObjectUploads\",\n  \"Effect\": \"Deny\",\n  \"Action\": [\"s3:PutObject\"],\n  \"Resource\": [\"arn:aws:s3:::goh-mypulse-otel-extension-mypulse-management-default/*\"],\n\n  \"Condition\": {\n    \"StringNotEquals\": {\n        \"s3:x-amz-server-side-encryption\": \"AES256\"\n    }\n  },\n\n  \"Principal\": \"*\"\n}"
            }
          },
          "sensitive_attributes": []
        }
      ]
    },
    {
      "module": "module.storage_bucket",
      "mode": "managed",
      "type": "aws_s3_bucket",
      "name": "encrypted_bucket",
      "provider": "provider[\"registry.terraform.io/hashicorp/aws\"]",
      "instances": [
        {
          "schema_version": 0,
          "attributes": {
            "acceleration_status": "",
            "acl": "private",
            "arn": "arn:aws:s3:::goh-mypulse-otel-extension-mypulse-management-default",
            "bucket": "goh-mypulse-otel-extension-mypulse-management-default",
            "bucket_domain_name": "goh-mypulse-otel-extension-mypulse-management-default.s3.amazonaws.com",
            "bucket_prefix": null,
            "bucket_regional_domain_name": "goh-mypulse-otel-extension-mypulse-management-default.s3.eu-west-2.amazonaws.com",
            "cors_rule": [],
            "force_destroy": false,
            "grant": [],
            "hosted_zone_id": "Z3GKZC51ZF0DB4",
            "id": "goh-mypulse-otel-extension-mypulse-management-default",
            "lifecycle_rule": [],
            "logging": [],
            "object_lock_configuration": [],
            "object_lock_enabled": false,
            "policy": null,
            "region": "eu-west-2",
            "replication_configuration": [],
            "request_payer": "BucketOwner",
            "server_side_encryption_configuration": [
              {
                "rule": [
                  {
                    "apply_server_side_encryption_by_default": [
                      {
                        "kms_master_key_id": "",
                        "sse_algorithm": "AES256"
                      }
                    ],
                    "bucket_key_enabled": false
                  }
                ]
              }
            ],
            "tags": {
              "DeploymentIdentifier": "mypulse-management-default",
              "DeploymentLabel": "default",
              "DeploymentType": "mypulse-management",
              "Name": "goh-mypulse-otel-extension-mypulse-management-default"
            },
            "tags_all": {
              "DeploymentIdentifier": "mypulse-management-default",
              "DeploymentLabel": "default",
              "DeploymentType": "mypulse-management",
              "Name": "goh-mypulse-otel-extension-mypulse-management-default"
            },
            "versioning": [
              {
                "enabled": true,
                "mfa_delete": false
              }
            ],
            "website": [],
            "website_domain": null,
            "website_endpoint": null
          },
          "sensitive_attributes": [],
          "private": "bnVsbA=="
        }
      ]
    }
  ]
}
